
Microsoft Visual Studio Solution File, Format Version 12.00
# Visual Studio Version 16
VisualStudioVersion = 16.0.31321.278
MinimumVisualStudioVersion = 10.0.40219.1
Project("{FAE04EC0-301F-11D3-BF4B-00C04F79EFBC}") = "C-practice", "C-practice\C-practice.csproj", "{BE54B173-FE9F-49F7-95AB-8EF69CA5CB8D}"
EndProject
Global
	GlobalSection(SolutionConfigurationPlatforms) = preSolution
		Debug|Any CPU = Debug|Any CPU
		Release|Any CPU = Release|Any CPU
	EndGlobalSection
	GlobalSection(ProjectConfigurationPlatforms) = postSolution
		{BE54B173-FE9F-49F7-95AB-8EF69CA5CB8D}.Debug|Any CPU.ActiveCfg = Debug|Any CPU
		{BE54B173-FE9F-49F7-95AB-8EF69CA5CB8D}.Debug|Any CPU.Build.0 = Debug|Any CPU
		{BE54B173-FE9F-49F7-95AB-8EF69CA5CB8D}.Release|Any CPU.ActiveCfg = Release|Any CPU
		{BE54B173-FE9F-49F7-95AB-8EF69CA5CB8D}.Release|Any CPU.Build.0 = Release|Any CPU
	EndGlobalSection
	GlobalSection(SolutionProperties) = preSolution
		HideSolutionNode = FALSE
	EndGlobalSection
	GlobalSection(ExtensibilityGlobals) = postSolution
		SolutionGuid = {722A0C4B-3A71-474C-BDFE-F0B38D3DA3E5}
	EndGlobalSection
EndGlobal
